// !$*UTF8*$!
{
	archiveVersion = 1;
	classes = {
	};
	objectVersion = 56;
	objects = {

/* Begin PBXBuildFile section */
		5FAE1AB52AA5AE2C00CE3FAD /* AppDelegate.swift in Sources */ = {isa = PBXBuildFile; fileRef = 5FAE1AB42AA5AE2C00CE3FAD /* AppDelegate.swift */; };
		5FAE1AB72AA5AE2C00CE3FAD /* SceneDelegate.swift in Sources */ = {isa = PBXBuildFile; fileRef = 5FAE1AB62AA5AE2C00CE3FAD /* SceneDelegate.swift */; };
		5FAE1ABC2AA5AE2C00CE3FAD /* Main.storyboard in Resources */ = {isa = PBXBuildFile; fileRef = 5FAE1ABA2AA5AE2C00CE3FAD /* Main.storyboard */; };
		5FAE1ABE2AA5AE2E00CE3FAD /* Assets.xcassets in Resources */ = {isa = PBXBuildFile; fileRef = 5FAE1ABD2AA5AE2E00CE3FAD /* Assets.xcassets */; };
		5FAE1AC12AA5AE2E00CE3FAD /* LaunchScreen.storyboard in Resources */ = {isa = PBXBuildFile; fileRef = 5FAE1ABF2AA5AE2E00CE3FAD /* LaunchScreen.storyboard */; };
		5FAE1ACC2AA5AE2E00CE3FAD /* YummieTests.swift in Sources */ = {isa = PBXBuildFile; fileRef = 5FAE1ACB2AA5AE2E00CE3FAD /* YummieTests.swift */; };
		5FAE1AD62AA5AE2E00CE3FAD /* YummieUITests.swift in Sources */ = {isa = PBXBuildFile; fileRef = 5FAE1AD52AA5AE2E00CE3FAD /* YummieUITests.swift */; };
		5FAE1AD82AA5AE2E00CE3FAD /* YummieUITestsLaunchTests.swift in Sources */ = {isa = PBXBuildFile; fileRef = 5FAE1AD72AA5AE2E00CE3FAD /* YummieUITestsLaunchTests.swift */; };
		5FAE1AE92AA5B1AE00CE3FAD /* OnBoardingViewController.swift in Sources */ = {isa = PBXBuildFile; fileRef = 5FAE1AE82AA5B1AE00CE3FAD /* OnBoardingViewController.swift */; };
		5FE2DA5D2AA6DB2C00CEF857 /* UiView+Extensions.swift in Sources */ = {isa = PBXBuildFile; fileRef = 5FE2DA5C2AA6DB2C00CEF857 /* UiView+Extensions.swift */; };
		5FE2DA5F2AA6DC3400CEF857 /* OnboardingSlide.swift in Sources */ = {isa = PBXBuildFile; fileRef = 5FE2DA5E2AA6DC3400CEF857 /* OnboardingSlide.swift */; };
		5FE2DA622AA6DE7900CEF857 /* OnBoardingCollectionViewCell.swift in Sources */ = {isa = PBXBuildFile; fileRef = 5FE2DA612AA6DE7900CEF857 /* OnBoardingCollectionViewCell.swift */; };
/* End PBXBuildFile section */

/* Begin PBXContainerItemProxy section */
		5FAE1AC82AA5AE2E00CE3FAD /* PBXContainerItemProxy */ = {
			isa = PBXContainerItemProxy;
			containerPortal = 5FAE1AA92AA5AE2C00CE3FAD /* Project object */;
			proxyType = 1;
			remoteGlobalIDString = 5FAE1AB02AA5AE2C00CE3FAD;
			remoteInfo = Yummie;
		};
		5FAE1AD22AA5AE2E00CE3FAD /* PBXContainerItemProxy */ = {
			isa = PBXContainerItemProxy;
			containerPortal = 5FAE1AA92AA5AE2C00CE3FAD /* Project object */;
			proxyType = 1;
			remoteGlobalIDString = 5FAE1AB02AA5AE2C00CE3FAD;
			remoteInfo = Yummie;
		};
/* End PBXContainerItemProxy section */

/* Begin PBXFileReference section */
		5FAE1AB12AA5AE2C00CE3FAD /* Yummie.app */ = {isa = PBXFileReference; explicitFileType = wrapper.application; includeInIndex = 0; path = Yummie.app; sourceTree = BUILT_PRODUCTS_DIR; };
		5FAE1AB42AA5AE2C00CE3FAD /* AppDelegate.swift */ = {isa = PBXFileReference; lastKnownFileType = sourcecode.swift; path = AppDelegate.swift; sourceTree = "<group>"; };
		5FAE1AB62AA5AE2C00CE3FAD /* SceneDelegate.swift */ = {isa = PBXFileReference; lastKnownFileType = sourcecode.swift; path = SceneDelegate.swift; sourceTree = "<group>"; };
		5FAE1ABB2AA5AE2C00CE3FAD /* Base */ = {isa = PBXFileReference; lastKnownFileType = file.storyboard; name = Base; path = Base.lproj/Main.storyboard; sourceTree = "<group>"; };
		5FAE1ABD2AA5AE2E00CE3FAD /* Assets.xcassets */ = {isa = PBXFileReference; lastKnownFileType = folder.assetcatalog; path = Assets.xcassets; sourceTree = "<group>"; };
		5FAE1AC02AA5AE2E00CE3FAD /* Base */ = {isa = PBXFileReference; lastKnownFileType = file.storyboard; name = Base; path = Base.lproj/LaunchScreen.storyboard; sourceTree = "<group>"; };
		5FAE1AC22AA5AE2E00CE3FAD /* Info.plist */ = {isa = PBXFileReference; lastKnownFileType = text.plist.xml; path = Info.plist; sourceTree = "<group>"; };
		5FAE1AC72AA5AE2E00CE3FAD /* YummieTests.xctest */ = {isa = PBXFileReference; explicitFileType = wrapper.cfbundle; includeInIndex = 0; path = YummieTests.xctest; sourceTree = BUILT_PRODUCTS_DIR; };
		5FAE1ACB2AA5AE2E00CE3FAD /* YummieTests.swift */ = {isa = PBXFileReference; lastKnownFileType = sourcecode.swift; path = YummieTests.swift; sourceTree = "<group>"; };
		5FAE1AD12AA5AE2E00CE3FAD /* YummieUITests.xctest */ = {isa = PBXFileReference; explicitFileType = wrapper.cfbundle; includeInIndex = 0; path = YummieUITests.xctest; sourceTree = BUILT_PRODUCTS_DIR; };
		5FAE1AD52AA5AE2E00CE3FAD /* YummieUITests.swift */ = {isa = PBXFileReference; lastKnownFileType = sourcecode.swift; path = YummieUITests.swift; sourceTree = "<group>"; };
		5FAE1AD72AA5AE2E00CE3FAD /* YummieUITestsLaunchTests.swift */ = {isa = PBXFileReference; lastKnownFileType = sourcecode.swift; path = YummieUITestsLaunchTests.swift; sourceTree = "<group>"; };
		5FAE1AE82AA5B1AE00CE3FAD /* OnBoardingViewController.swift */ = {isa = PBXFileReference; lastKnownFileType = sourcecode.swift; path = OnBoardingViewController.swift; sourceTree = "<group>"; };
		5FE2DA5C2AA6DB2C00CEF857 /* UiView+Extensions.swift */ = {isa = PBXFileReference; lastKnownFileType = sourcecode.swift; path = "UiView+Extensions.swift"; sourceTree = "<group>"; };
		5FE2DA5E2AA6DC3400CEF857 /* OnboardingSlide.swift */ = {isa = PBXFileReference; lastKnownFileType = sourcecode.swift; path = OnboardingSlide.swift; sourceTree = "<group>"; };
		5FE2DA612AA6DE7900CEF857 /* OnBoardingCollectionViewCell.swift */ = {isa = PBXFileReference; lastKnownFileType = sourcecode.swift; path = OnBoardingCollectionViewCell.swift; sourceTree = "<group>"; };
/* End PBXFileReference section */

/* Begin PBXFrameworksBuildPhase section */
		5FAE1AAE2AA5AE2C00CE3FAD /* Frameworks */ = {
			isa = PBXFrameworksBuildPhase;
			buildActionMask = 2147483647;
			files = (
			);
			runOnlyForDeploymentPostprocessing = 0;
		};
		5FAE1AC42AA5AE2E00CE3FAD /* Frameworks */ = {
			isa = PBXFrameworksBuildPhase;
			buildActionMask = 2147483647;
			files = (
			);
			runOnlyForDeploymentPostprocessing = 0;
		};
		5FAE1ACE2AA5AE2E00CE3FAD /* Frameworks */ = {
			isa = PBXFrameworksBuildPhase;
			buildActionMask = 2147483647;
			files = (
			);
			runOnlyForDeploymentPostprocessing = 0;
		};
/* End PBXFrameworksBuildPhase section */

/* Begin PBXGroup section */
		5FAE1AA82AA5AE2C00CE3FAD = {
			isa = PBXGroup;
			children = (
				5FAE1AB32AA5AE2C00CE3FAD /* Yummie */,
				5FAE1ACA2AA5AE2E00CE3FAD /* YummieTests */,
				5FAE1AD42AA5AE2E00CE3FAD /* YummieUITests */,
				5FAE1AB22AA5AE2C00CE3FAD /* Products */,
			);
			sourceTree = "<group>";
		};
		5FAE1AB22AA5AE2C00CE3FAD /* Products */ = {
			isa = PBXGroup;
			children = (
				5FAE1AB12AA5AE2C00CE3FAD /* Yummie.app */,
				5FAE1AC72AA5AE2E00CE3FAD /* YummieTests.xctest */,
				5FAE1AD12AA5AE2E00CE3FAD /* YummieUITests.xctest */,
			);
			name = Products;
			sourceTree = "<group>";
		};
		5FAE1AB32AA5AE2C00CE3FAD /* Yummie */ = {
			isa = PBXGroup;
			children = (
				5FE2DA5B2AA6DAFC00CEF857 /* Extensions */,
				5FAE1AE62AA5B16000CE3FAD /* CustomViews */,
				5FAE1AE52AA5B15600CE3FAD /* Views */,
				5FAE1AE42AA5B14A00CE3FAD /* Models */,
				5FAE1AB42AA5AE2C00CE3FAD /* AppDelegate.swift */,
				5FAE1AB62AA5AE2C00CE3FAD /* SceneDelegate.swift */,
				5FAE1ABA2AA5AE2C00CE3FAD /* Main.storyboard */,
				5FAE1ABD2AA5AE2E00CE3FAD /* Assets.xcassets */,
				5FAE1ABF2AA5AE2E00CE3FAD /* LaunchScreen.storyboard */,
				5FAE1AC22AA5AE2E00CE3FAD /* Info.plist */,
			);
			path = Yummie;
			sourceTree = "<group>";
		};
		5FAE1ACA2AA5AE2E00CE3FAD /* YummieTests */ = {
			isa = PBXGroup;
			children = (
				5FAE1ACB2AA5AE2E00CE3FAD /* YummieTests.swift */,
			);
			path = YummieTests;
			sourceTree = "<group>";
		};
		5FAE1AD42AA5AE2E00CE3FAD /* YummieUITests */ = {
			isa = PBXGroup;
			children = (
				5FAE1AD52AA5AE2E00CE3FAD /* YummieUITests.swift */,
				5FAE1AD72AA5AE2E00CE3FAD /* YummieUITestsLaunchTests.swift */,
			);
			path = YummieUITests;
			sourceTree = "<group>";
		};
		5FAE1AE42AA5B14A00CE3FAD /* Models */ = {
			isa = PBXGroup;
			children = (
				5FE2DA5E2AA6DC3400CEF857 /* OnboardingSlide.swift */,
			);
			path = Models;
			sourceTree = "<group>";
		};
		5FAE1AE52AA5B15600CE3FAD /* Views */ = {
			isa = PBXGroup;
			children = (
				5FAE1AE72AA5B17400CE3FAD /* Onboarding */,
			);
			path = Views;
			sourceTree = "<group>";
		};
		5FAE1AE62AA5B16000CE3FAD /* CustomViews */ = {
			isa = PBXGroup;
			children = (
			);
			path = CustomViews;
			sourceTree = "<group>";
		};
		5FAE1AE72AA5B17400CE3FAD /* Onboarding */ = {
			isa = PBXGroup;
			children = (
				5FAE1AE82AA5B1AE00CE3FAD /* OnBoardingViewController.swift */,
				5FE2DA612AA6DE7900CEF857 /* OnBoardingCollectionViewCell.swift */,
			);
			path = Onboarding;
			sourceTree = "<group>";
		};
		5FE2DA5B2AA6DAFC00CEF857 /* Extensions */ = {
			isa = PBXGroup;
			children = (
				5FE2DA5C2AA6DB2C00CEF857 /* UiView+Extensions.swift */,
			);
			path = Extensions;
			sourceTree = "<group>";
		};
/* End PBXGroup section */

/* Begin PBXNativeTarget section */
		5FAE1AB02AA5AE2C00CE3FAD /* Yummie */ = {
			isa = PBXNativeTarget;
			buildConfigurationList = 5FAE1ADB2AA5AE2E00CE3FAD /* Build configuration list for PBXNativeTarget "Yummie" */;
			buildPhases = (
				5FAE1AAD2AA5AE2C00CE3FAD /* Sources */,
				5FAE1AAE2AA5AE2C00CE3FAD /* Frameworks */,
				5FAE1AAF2AA5AE2C00CE3FAD /* Resources */,
			);
			buildRules = (
			);
			dependencies = (
			);
			name = Yummie;
			productName = Yummie;
			productReference = 5FAE1AB12AA5AE2C00CE3FAD /* Yummie.app */;
			productType = "com.apple.product-type.application";
		};
		5FAE1AC62AA5AE2E00CE3FAD /* YummieTests */ = {
			isa = PBXNativeTarget;
			buildConfigurationList = 5FAE1ADE2AA5AE2E00CE3FAD /* Build configuration list for PBXNativeTarget "YummieTests" */;
			buildPhases = (
				5FAE1AC32AA5AE2E00CE3FAD /* Sources */,
				5FAE1AC42AA5AE2E00CE3FAD /* Frameworks */,
				5FAE1AC52AA5AE2E00CE3FAD /* Resources */,
			);
			buildRules = (
			);
			dependencies = (
				5FAE1AC92AA5AE2E00CE3FAD /* PBXTargetDependency */,
			);
			name = YummieTests;
			productName = YummieTests;
			productReference = 5FAE1AC72AA5AE2E00CE3FAD /* YummieTests.xctest */;
			productType = "com.apple.product-type.bundle.unit-test";
		};
		5FAE1AD02AA5AE2E00CE3FAD /* YummieUITests */ = {
			isa = PBXNativeTarget;
			buildConfigurationList = 5FAE1AE12AA5AE2E00CE3FAD /* Build configuration list for PBXNativeTarget "YummieUITests" */;
			buildPhases = (
				5FAE1ACD2AA5AE2E00CE3FAD /* Sources */,
				5FAE1ACE2AA5AE2E00CE3FAD /* Frameworks */,
				5FAE1ACF2AA5AE2E00CE3FAD /* Resources */,
			);
			buildRules = (
			);
			dependencies = (
				5FAE1AD32AA5AE2E00CE3FAD /* PBXTargetDependency */,
			);
			name = YummieUITests;
			productName = YummieUITests;
			productReference = 5FAE1AD12AA5AE2E00CE3FAD /* YummieUITests.xctest */;
			productType = "com.apple.product-type.bundle.ui-testing";
		};
/* End PBXNativeTarget section */

/* Begin PBXProject section */
		5FAE1AA92AA5AE2C00CE3FAD /* Project object */ = {
			isa = PBXProject;
			attributes = {
				BuildIndependentTargetsInParallel = 1;
				LastSwiftUpdateCheck = 1410;
				LastUpgradeCheck = 1410;
				TargetAttributes = {
					5FAE1AB02AA5AE2C00CE3FAD = {
						CreatedOnToolsVersion = 14.1;
					};
					5FAE1AC62AA5AE2E00CE3FAD = {
						CreatedOnToolsVersion = 14.1;
						TestTargetID = 5FAE1AB02AA5AE2C00CE3FAD;
					};
					5FAE1AD02AA5AE2E00CE3FAD = {
						CreatedOnToolsVersion = 14.1;
						TestTargetID = 5FAE1AB02AA5AE2C00CE3FAD;
					};
				};
			};
			buildConfigurationList = 5FAE1AAC2AA5AE2C00CE3FAD /* Build configuration list for PBXProject "Yummie" */;
			compatibilityVersion = "Xcode 14.0";
			developmentRegion = en;
			hasScannedForEncodings = 0;
			knownRegions = (
				en,
				Base,
			);
			mainGroup = 5FAE1AA82AA5AE2C00CE3FAD;
			productRefGroup = 5FAE1AB22AA5AE2C00CE3FAD /* Products */;
			projectDirPath = "";
			projectRoot = "";
			targets = (
				5FAE1AB02AA5AE2C00CE3FAD /* Yummie */,
				5FAE1AC62AA5AE2E00CE3FAD /* YummieTests */,
				5FAE1AD02AA5AE2E00CE3FAD /* YummieUITests */,
			);
		};
/* End PBXProject section */

/* Begin PBXResourcesBuildPhase section */
		5FAE1AAF2AA5AE2C00CE3FAD /* Resources */ = {
			isa = PBXResourcesBuildPhase;
			buildActionMask = 2147483647;
			files = (
				5FAE1AC12AA5AE2E00CE3FAD /* LaunchScreen.storyboard in Resources */,
				5FAE1ABE2AA5AE2E00CE3FAD /* Assets.xcassets in Resources */,
				5FAE1ABC2AA5AE2C00CE3FAD /* Main.storyboard in Resources */,
			);
			runOnlyForDeploymentPostprocessing = 0;
		};
		5FAE1AC52AA5AE2E00CE3FAD /* Resources */ = {
			isa = PBXResourcesBuildPhase;
			buildActionMask = 2147483647;
			files = (
			);
			runOnlyForDeploymentPostprocessing = 0;
		};
		5FAE1ACF2AA5AE2E00CE3FAD /* Resources */ = {
			isa = PBXResourcesBuildPhase;
			buildActionMask = 2147483647;
			files = (
			);
			runOnlyForDeploymentPostprocessing = 0;
		};
/* End PBXResourcesBuildPhase section */

/* Begin PBXSourcesBuildPhase section */
		5FAE1AAD2AA5AE2C00CE3FAD /* Sources */ = {
			isa = PBXSourcesBuildPhase;
			buildActionMask = 2147483647;
			files = (
				5FE2DA5F2AA6DC3400CEF857 /* OnboardingSlide.swift in Sources */,
				5FAE1AB52AA5AE2C00CE3FAD /* AppDelegate.swift in Sources */,
				5FAE1AB72AA5AE2C00CE3FAD /* SceneDelegate.swift in Sources */,
				5FE2DA622AA6DE7900CEF857 /* OnBoardingCollectionViewCell.swift in Sources */,
				5FE2DA5D2AA6DB2C00CEF857 /* UiView+Extensions.swift in Sources */,
				5FAE1AE92AA5B1AE00CE3FAD /* OnBoardingViewController.swift in Sources */,
			);
			runOnlyForDeploymentPostprocessing = 0;
		};
		5FAE1AC32AA5AE2E00CE3FAD /* Sources */ = {
			isa = PBXSourcesBuildPhase;
			buildActionMask = 2147483647;
			files = (
				5FAE1ACC2AA5AE2E00CE3FAD /* YummieTests.swift in Sources */,
			);
			runOnlyForDeploymentPostprocessing = 0;
		};
		5FAE1ACD2AA5AE2E00CE3FAD /* Sources */ = {
			isa = PBXSourcesBuildPhase;
			buildActionMask = 2147483647;
			files = (
				5FAE1AD82AA5AE2E00CE3FAD /* YummieUITestsLaunchTests.swift in Sources */,
				5FAE1AD62AA5AE2E00CE3FAD /* YummieUITests.swift in Sources */,
			);
			runOnlyForDeploymentPostprocessing = 0;
		};
/* End PBXSourcesBuildPhase section */

/* Begin PBXTargetDependency section */
		5FAE1AC92AA5AE2E00CE3FAD /* PBXTargetDependency */ = {
			isa = PBXTargetDependency;
			target = 5FAE1AB02AA5AE2C00CE3FAD /* Yummie */;
			targetProxy = 5FAE1AC82AA5AE2E00CE3FAD /* PBXContainerItemProxy */;
		};
		5FAE1AD32AA5AE2E00CE3FAD /* PBXTargetDependency */ = {
			isa = PBXTargetDependency;
			target = 5FAE1AB02AA5AE2C00CE3FAD /* Yummie */;
			targetProxy = 5FAE1AD22AA5AE2E00CE3FAD /* PBXContainerItemProxy */;
		};
/* End PBXTargetDependency section */

/* Begin PBXVariantGroup section */
		5FAE1ABA2AA5AE2C00CE3FAD /* Main.storyboard */ = {
			isa = PBXVariantGroup;
			children = (
				5FAE1ABB2AA5AE2C00CE3FAD /* Base */,
			);
			name = Main.storyboard;
			sourceTree = "<group>";
		};
		5FAE1ABF2AA5AE2E00CE3FAD /* LaunchScreen.storyboard */ = {
			isa = PBXVariantGroup;
			children = (
				5FAE1AC02AA5AE2E00CE3FAD /* Base */,
			);
			name = LaunchScreen.storyboard;
			sourceTree = "<group>";
		};
/* End PBXVariantGroup section */

/* Begin XCBuildConfiguration section */
		5FAE1AD92AA5AE2E00CE3FAD /* Debug */ = {
			isa = XCBuildConfiguration;
			buildSettings = {
				ALWAYS_SEARCH_USER_PATHS = NO;
				CLANG_ANALYZER_NONNULL = YES;
				CLANG_ANALYZER_NUMBER_OBJECT_CONVERSION = YES_AGGRESSIVE;
				CLANG_CXX_LANGUAGE_STANDARD = "gnu++20";
				CLANG_ENABLE_MODULES = YES;
				CLANG_ENABLE_OBJC_ARC = YES;
				CLANG_ENABLE_OBJC_WEAK = YES;
				CLANG_WARN_BLOCK_CAPTURE_AUTORELEASING = YES;
				CLANG_WARN_BOOL_CONVERSION = YES;
				CLANG_WARN_COMMA = YES;
				CLANG_WARN_CONSTANT_CONVERSION = YES;
				CLANG_WARN_DEPRECATED_OBJC_IMPLEMENTATIONS = YES;
				CLANG_WARN_DIRECT_OBJC_ISA_USAGE = YES_ERROR;
				CLANG_WARN_DOCUMENTATION_COMMENTS = YES;
				CLANG_WARN_EMPTY_BODY = YES;
				CLANG_WARN_ENUM_CONVERSION = YES;
				CLANG_WARN_INFINITE_RECURSION = YES;
				CLANG_WARN_INT_CONVERSION = YES;
				CLANG_WARN_NON_LITERAL_NULL_CONVERSION = YES;
				CLANG_WARN_OBJC_IMPLICIT_RETAIN_SELF = YES;
				CLANG_WARN_OBJC_LITERAL_CONVERSION = YES;
				CLANG_WARN_OBJC_ROOT_CLASS = YES_ERROR;
				CLANG_WARN_QUOTED_INCLUDE_IN_FRAMEWORK_HEADER = YES;
				CLANG_WARN_RANGE_LOOP_ANALYSIS = YES;
				CLANG_WARN_STRICT_PROTOTYPES = YES;
				CLANG_WARN_SUSPICIOUS_MOVE = YES;
				CLANG_WARN_UNGUARDED_AVAILABILITY = YES_AGGRESSIVE;
				CLANG_WARN_UNREACHABLE_CODE = YES;
				CLANG_WARN__DUPLICATE_METHOD_MATCH = YES;
				COPY_PHASE_STRIP = NO;
				DEBUG_INFORMATION_FORMAT = dwarf;
				ENABLE_STRICT_OBJC_MSGSEND = YES;
				ENABLE_TESTABILITY = YES;
				GCC_C_LANGUAGE_STANDARD = gnu11;
				GCC_DYNAMIC_NO_PIC = NO;
				GCC_NO_COMMON_BLOCKS = YES;
				GCC_OPTIMIZATION_LEVEL = 0;
				GCC_PREPROCESSOR_DEFINITIONS = (
					"DEBUG=1",
					"$(inherited)",
				);
				GCC_WARN_64_TO_32_BIT_CONVERSION = YES;
				GCC_WARN_ABOUT_RETURN_TYPE = YES_ERROR;
				GCC_WARN_UNDECLARED_SELECTOR = YES;
				GCC_WARN_UNINITIALIZED_AUTOS = YES_AGGRESSIVE;
				GCC_WARN_UNUSED_FUNCTION = YES;
				GCC_WARN_UNUSED_VARIABLE = YES;
				IPHONEOS_DEPLOYMENT_TARGET = 16.1;
				MTL_ENABLE_DEBUG_INFO = INCLUDE_SOURCE;
				MTL_FAST_MATH = YES;
				ONLY_ACTIVE_ARCH = YES;
				SDKROOT = iphoneos;
				SWIFT_ACTIVE_COMPILATION_CONDITIONS = DEBUG;
				SWIFT_OPTIMIZATION_LEVEL = "-Onone";
			};
			name = Debug;
		};
		5FAE1ADA2AA5AE2E00CE3FAD /* Release */ = {
			isa = XCBuildConfiguration;
			buildSettings = {
				ALWAYS_SEARCH_USER_PATHS = NO;
				CLANG_ANALYZER_NONNULL = YES;
				CLANG_ANALYZER_NUMBER_OBJECT_CONVERSION = YES_AGGRESSIVE;
				CLANG_CXX_LANGUAGE_STANDARD = "gnu++20";
				CLANG_ENABLE_MODULES = YES;
				CLANG_ENABLE_OBJC_ARC = YES;
				CLANG_ENABLE_OBJC_WEAK = YES;
				CLANG_WARN_BLOCK_CAPTURE_AUTORELEASING = YES;
				CLANG_WARN_BOOL_CONVERSION = YES;
				CLANG_WARN_COMMA = YES;
				CLANG_WARN_CONSTANT_CONVERSION = YES;
				CLANG_WARN_DEPRECATED_OBJC_IMPLEMENTATIONS = YES;
				CLANG_WARN_DIRECT_OBJC_ISA_USAGE = YES_ERROR;
				CLANG_WARN_DOCUMENTATION_COMMENTS = YES;
				CLANG_WARN_EMPTY_BODY = YES;
				CLANG_WARN_ENUM_CONVERSION = YES;
				CLANG_WARN_INFINITE_RECURSION = YES;
				CLANG_WARN_INT_CONVERSION = YES;
				CLANG_WARN_NON_LITERAL_NULL_CONVERSION = YES;
				CLANG_WARN_OBJC_IMPLICIT_RETAIN_SELF = YES;
				CLANG_WARN_OBJC_LITERAL_CONVERSION = YES;
				CLANG_WARN_OBJC_ROOT_CLASS = YES_ERROR;
				CLANG_WARN_QUOTED_INCLUDE_IN_FRAMEWORK_HEADER = YES;
				CLANG_WARN_RANGE_LOOP_ANALYSIS = YES;
				CLANG_WARN_STRICT_PROTOTYPES = YES;
				CLANG_WARN_SUSPICIOUS_MOVE = YES;
				CLANG_WARN_UNGUARDED_AVAILABILITY = YES_AGGRESSIVE;
				CLANG_WARN_UNREACHABLE_CODE = YES;
				CLANG_WARN__DUPLICATE_METHOD_MATCH = YES;
				COPY_PHASE_STRIP = NO;
				DEBUG_INFORMATION_FORMAT = "dwarf-with-dsym";
				ENABLE_NS_ASSERTIONS = NO;
				ENABLE_STRICT_OBJC_MSGSEND = YES;
				GCC_C_LANGUAGE_STANDARD = gnu11;
				GCC_NO_COMMON_BLOCKS = YES;
				GCC_WARN_64_TO_32_BIT_CONVERSION = YES;
				GCC_WARN_ABOUT_RETURN_TYPE = YES_ERROR;
				GCC_WARN_UNDECLARED_SELECTOR = YES;
				GCC_WARN_UNINITIALIZED_AUTOS = YES_AGGRESSIVE;
				GCC_WARN_UNUSED_FUNCTION = YES;
				GCC_WARN_UNUSED_VARIABLE = YES;
				IPHONEOS_DEPLOYMENT_TARGET = 16.1;
				MTL_ENABLE_DEBUG_INFO = NO;
				MTL_FAST_MATH = YES;
				SDKROOT = iphoneos;
				SWIFT_COMPILATION_MODE = wholemodule;
				SWIFT_OPTIMIZATION_LEVEL = "-O";
				VALIDATE_PRODUCT = YES;
			};
			name = Release;
		};
		5FAE1ADC2AA5AE2E00CE3FAD /* Debug */ = {
			isa = XCBuildConfiguration;
			buildSettings = {
				ASSETCATALOG_COMPILER_APPICON_NAME = AppIcon;
				ASSETCATALOG_COMPILER_GLOBAL_ACCENT_COLOR_NAME = AccentColor;
				CODE_SIGN_STYLE = Automatic;
				CURRENT_PROJECT_VERSION = 1;
				GENERATE_INFOPLIST_FILE = YES;
				INFOPLIST_FILE = Yummie/Info.plist;
				INFOPLIST_KEY_UIApplicationSupportsIndirectInputEvents = YES;
				INFOPLIST_KEY_UILaunchStoryboardName = LaunchScreen;
				INFOPLIST_KEY_UIMainStoryboardFile = Main;
				INFOPLIST_KEY_UISupportedInterfaceOrientations_iPad = "UIInterfaceOrientationPortrait UIInterfaceOrientationPortraitUpsideDown UIInterfaceOrientationLandscapeLeft UIInterfaceOrientationLandscapeRight";
				INFOPLIST_KEY_UISupportedInterfaceOrientations_iPhone = "UIInterfaceOrientationPortrait UIInterfaceOrientationLandscapeLeft UIInterfaceOrientationLandscapeRight";
				LD_RUNPATH_SEARCH_PATHS = (
					"$(inherited)",
					"@executable_path/Frameworks",
				);
				MARKETING_VERSION = 1.0;
				PRODUCT_BUNDLE_IDENTIFIER = yakse.Yummie;
				PRODUCT_NAME = "$(TARGET_NAME)";
				SWIFT_EMIT_LOC_STRINGS = YES;
				SWIFT_VERSION = 5.0;
				TARGETED_DEVICE_FAMILY = "1,2";
			};
			name = Debug;
		};
		5FAE1ADD2AA5AE2E00CE3FAD /* Release */ = {
			isa = XCBuildConfiguration;
			buildSettings = {
				ASSETCATALOG_COMPILER_APPICON_NAME = AppIcon;
				ASSETCATALOG_COMPILER_GLOBAL_ACCENT_COLOR_NAME = AccentColor;
				CODE_SIGN_STYLE = Automatic;
				CURRENT_PROJECT_VERSION = 1;
				GENERATE_INFOPLIST_FILE = YES;
				INFOPLIST_FILE = Yummie/Info.plist;
				INFOPLIST_KEY_UIApplicationSupportsIndirectInputEvents = YES;
				INFOPLIST_KEY_UILaunchStoryboardName = LaunchScreen;
				INFOPLIST_KEY_UIMainStoryboardFile = Main;
				INFOPLIST_KEY_UISupportedInterfaceOrientations_iPad = "UIInterfaceOrientationPortrait UIInterfaceOrientationPortraitUpsideDown UIInterfaceOrientationLandscapeLeft UIInterfaceOrientationLandscapeRight";
				INFOPLIST_KEY_UISupportedInterfaceOrientations_iPhone = "UIInterfaceOrientationPortrait UIInterfaceOrientationLandscapeLeft UIInterfaceOrientationLandscapeRight";
				LD_RUNPATH_SEARCH_PATHS = (
					"$(inherited)",
					"@executable_path/Frameworks",
				);
				MARKETING_VERSION = 1.0;
				PRODUCT_BUNDLE_IDENTIFIER = yakse.Yummie;
				PRODUCT_NAME = "$(TARGET_NAME)";
				SWIFT_EMIT_LOC_STRINGS = YES;
				SWIFT_VERSION = 5.0;
				TARGETED_DEVICE_FAMILY = "1,2";
			};
			name = Release;
		};
		5FAE1ADF2AA5AE2E00CE3FAD /* Debug */ = {
			isa = XCBuildConfiguration;
			buildSettings = {
				ALWAYS_EMBED_SWIFT_STANDARD_LIBRARIES = YES;
				BUNDLE_LOADER = "$(TEST_HOST)";
				CODE_SIGN_STYLE = Automatic;
				CURRENT_PROJECT_VERSION = 1;
				GENERATE_INFOPLIST_FILE = YES;
				IPHONEOS_DEPLOYMENT_TARGET = 16.1;
				MARKETING_VERSION = 1.0;
				PRODUCT_BUNDLE_IDENTIFIER = yakse.YummieTests;
				PRODUCT_NAME = "$(TARGET_NAME)";
				SWIFT_EMIT_LOC_STRINGS = NO;
				SWIFT_VERSION = 5.0;
				TARGETED_DEVICE_FAMILY = "1,2";
				TEST_HOST = "$(BUILT_PRODUCTS_DIR)/Yummie.app/$(BUNDLE_EXECUTABLE_FOLDER_PATH)/Yummie";
			};
			name = Debug;
		};
		5FAE1AE02AA5AE2E00CE3FAD /* Release */ = {
			isa = XCBuildConfiguration;
			buildSettings = {
				ALWAYS_EMBED_SWIFT_STANDARD_LIBRARIES = YES;
				BUNDLE_LOADER = "$(TEST_HOST)";
				CODE_SIGN_STYLE = Automatic;
				CURRENT_PROJECT_VERSION = 1;
				GENERATE_INFOPLIST_FILE = YES;
				IPHONEOS_DEPLOYMENT_TARGET = 16.1;
				MARKETING_VERSION = 1.0;
				PRODUCT_BUNDLE_IDENTIFIER = yakse.YummieTests;
				PRODUCT_NAME = "$(TARGET_NAME)";
				SWIFT_EMIT_LOC_STRINGS = NO;
				SWIFT_VERSION = 5.0;
				TARGETED_DEVICE_FAMILY = "1,2";
				TEST_HOST = "$(BUILT_PRODUCTS_DIR)/Yummie.app/$(BUNDLE_EXECUTABLE_FOLDER_PATH)/Yummie";
			};
			name = Release;
		};
		5FAE1AE22AA5AE2E00CE3FAD /* Debug */ = {
			isa = XCBuildConfiguration;
			buildSettings = {
				ALWAYS_EMBED_SWIFT_STANDARD_LIBRARIES = YES;
				CODE_SIGN_STYLE = Automatic;
				CURRENT_PROJECT_VERSION = 1;
				GENERATE_INFOPLIST_FILE = YES;
				MARKETING_VERSION = 1.0;
				PRODUCT_BUNDLE_IDENTIFIER = yakse.YummieUITests;
				PRODUCT_NAME = "$(TARGET_NAME)";
				SWIFT_EMIT_LOC_STRINGS = NO;
				SWIFT_VERSION = 5.0;
				TARGETED_DEVICE_FAMILY = "1,2";
				TEST_TARGET_NAME = Yummie;
			};
			name = Debug;
		};
		5FAE1AE32AA5AE2E00CE3FAD /* Release */ = {
			isa = XCBuildConfiguration;
			buildSettings = {
				ALWAYS_EMBED_SWIFT_STANDARD_LIBRARIES = YES;
				CODE_SIGN_STYLE = Automatic;
				CURRENT_PROJECT_VERSION = 1;
				GENERATE_INFOPLIST_FILE = YES;
				MARKETING_VERSION = 1.0;
				PRODUCT_BUNDLE_IDENTIFIER = yakse.YummieUITests;
				PRODUCT_NAME = "$(TARGET_NAME)";
				SWIFT_EMIT_LOC_STRINGS = NO;
				SWIFT_VERSION = 5.0;
				TARGETED_DEVICE_FAMILY = "1,2";
				TEST_TARGET_NAME = Yummie;
			};
			name = Release;
		};
/* End XCBuildConfiguration section */

/* Begin XCConfigurationList section */
		5FAE1AAC2AA5AE2C00CE3FAD /* Build configuration list for PBXProject "Yummie" */ = {
			isa = XCConfigurationList;
			buildConfigurations = (
				5FAE1AD92AA5AE2E00CE3FAD /* Debug */,
				5FAE1ADA2AA5AE2E00CE3FAD /* Release */,
			);
			defaultConfigurationIsVisible = 0;
			defaultConfigurationName = Release;
		};
		5FAE1ADB2AA5AE2E00CE3FAD /* Build configuration list for PBXNativeTarget "Yummie" */ = {
			isa = XCConfigurationList;
			buildConfigurations = (
				5FAE1ADC2AA5AE2E00CE3FAD /* Debug */,
				5FAE1ADD2AA5AE2E00CE3FAD /* Release */,
			);
			defaultConfigurationIsVisible = 0;
			defaultConfigurationName = Release;
		};
		5FAE1ADE2AA5AE2E00CE3FAD /* Build configuration list for PBXNativeTarget "YummieTests" */ = {
			isa = XCConfigurationList;
			buildConfigurations = (
				5FAE1ADF2AA5AE2E00CE3FAD /* Debug */,
				5FAE1AE02AA5AE2E00CE3FAD /* Release */,
			);
			defaultConfigurationIsVisible = 0;
			defaultConfigurationName = Release;
		};
		5FAE1AE12AA5AE2E00CE3FAD /* Build configuration list for PBXNativeTarget "YummieUITests" */ = {
			isa = XCConfigurationList;
			buildConfigurations = (
				5FAE1AE22AA5AE2E00CE3FAD /* Debug */,
				5FAE1AE32AA5AE2E00CE3FAD /* Release */,
			);
			defaultConfigurationIsVisible = 0;
			defaultConfigurationName = Release;
		};
/* End XCConfigurationList section */
	};
	rootObject = 5FAE1AA92AA5AE2C00CE3FAD /* Project object */;
}
